
Microsoft Visual Studio Solution File, Format Version 12.00
# Visual Studio 15
Project("{FAE04EC0-301F-11D3-BF4B-00C04F79EFBC}") = "Assembly-CSharp", "Assembly-CSharp.csproj", "{29BDE3FF-8507-DC29-B62F-8577CE12FB6D}"
EndProject
Project("{FAE04EC0-301F-11D3-BF4B-00C04F79EFBC}") = "Assembly-CSharp", "Assembly-CSharp.Player.csproj", "{CF94690A-7DC2-02E6-D1D6-3D6A39E1ADB0}"
EndProject
Global
	GlobalSection(SolutionConfigurationPlatforms) = preSolution
		Debug|Any CPU = Debug|Any CPU
		Release|Any CPU = Release|Any CPU
	EndGlobalSection
	GlobalSection(ProjectConfigurationPlatforms) = postSolution
		{29BDE3FF-8507-DC29-B62F-8577CE12FB6D}.Debug|Any CPU.ActiveCfg = Debug|Any CPU
		{29BDE3FF-8507-DC29-B62F-8577CE12FB6D}.Debug|Any CPU.Build.0 = Debug|Any CPU
		{29BDE3FF-8507-DC29-B62F-8577CE12FB6D}.Release|Any CPU.ActiveCfg = Release|Any CPU
		{29BDE3FF-8507-DC29-B62F-8577CE12FB6D}.Release|Any CPU.Build.0 = Release|Any CPU
		{CF94690A-7DC2-02E6-D1D6-3D6A39E1ADB0}.Debug|Any CPU.ActiveCfg = Debug|Any CPU
		{CF94690A-7DC2-02E6-D1D6-3D6A39E1ADB0}.Debug|Any CPU.Build.0 = Debug|Any CPU
		{CF94690A-7DC2-02E6-D1D6-3D6A39E1ADB0}.Release|Any CPU.ActiveCfg = Release|Any CPU
		{CF94690A-7DC2-02E6-D1D6-3D6A39E1ADB0}.Release|Any CPU.Build.0 = Release|Any CPU
	EndGlobalSection
	GlobalSection(SolutionProperties) = preSolution
		HideSolutionNode = FALSE
	EndGlobalSection
EndGlobal
